
Microsoft Visual Studio Solution File, Format Version 12.00
# Visual Studio 15
VisualStudioVersion = 15.0.26430.6
MinimumVisualStudioVersion = 10.0.40219.1
Project("{FAE04EC0-301F-11D3-BF4B-00C04F79EFBC}") = "GradeBook", "GradeBook\GradeBook.csproj", "{8356F33A-1E61-4367-B73B-8D000A05ACB3}"
EndProject
Project("{FAE04EC0-301F-11D3-BF4B-00C04F79EFBC}") = "GradeBookTests", "GradeBookTests\GradeBookTests.csproj", "{3DFF8A7F-D482-4039-93A7-0BA1E3AB2ED5}"
EndProject
Global
	GlobalSection(SolutionConfigurationPlatforms) = preSolution
		Debug|Any CPU = Debug|Any CPU
		Release|Any CPU = Release|Any CPU
	EndGlobalSection
	GlobalSection(ProjectConfigurationPlatforms) = postSolution
		{8356F33A-1E61-4367-B73B-8D000A05ACB3}.Debug|Any CPU.ActiveCfg = Debug|Any CPU
		{8356F33A-1E61-4367-B73B-8D000A05ACB3}.Debug|Any CPU.Build.0 = Debug|Any CPU
		{8356F33A-1E61-4367-B73B-8D000A05ACB3}.Release|Any CPU.ActiveCfg = Release|Any CPU
		{8356F33A-1E61-4367-B73B-8D000A05ACB3}.Release|Any CPU.Build.0 = Release|Any CPU
		{3DFF8A7F-D482-4039-93A7-0BA1E3AB2ED5}.Debug|Any CPU.ActiveCfg = Debug|Any CPU
		{3DFF8A7F-D482-4039-93A7-0BA1E3AB2ED5}.Debug|Any CPU.Build.0 = Debug|Any CPU
		{3DFF8A7F-D482-4039-93A7-0BA1E3AB2ED5}.Release|Any CPU.ActiveCfg = Release|Any CPU
		{3DFF8A7F-D482-4039-93A7-0BA1E3AB2ED5}.Release|Any CPU.Build.0 = Release|Any CPU
	EndGlobalSection
	GlobalSection(SolutionProperties) = preSolution
		HideSolutionNode = FALSE
	EndGlobalSection
EndGlobal
